<Solution>
  <Project Path="ApiCoverageAnalyzer/ApiCoverageAnalyzer.csproj" />
  <Project Path="Frenetik.iRacingApiWrapper.Tests/Frenetik.iRacingApiWrapper.Tests.csproj" />
  <Project Path="Frenetik.iRacingApiWrapper/Frenetik.iRacingApiWrapper.csproj" />
  <Project Path="TestWrapper.Bearer/TestWrapper.Bearer.csproj" />
  <Project Path="TestWrapper.PasswordLimited/TestWrapper.PasswordLimited.csproj" />
</Solution>
